
Microsoft Visual Studio Solution File, Format Version 12.00
# Visual Studio Version 17
VisualStudioVersion = 17.8.34601.278
MinimumVisualStudioVersion = 10.0.40219.1
Project("{FAE04EC0-301F-11D3-BF4B-00C04F79EFBC}") = "ConsoleAppConfig", "ConsoleAppConfig.csproj", "{69214ACB-3344-4A6A-B7C0-AA28A120829C}"
EndProject
Global
	GlobalSection(SolutionConfigurationPlatforms) = preSolution
		Debug|Any CPU = Debug|Any CPU
		Release|Any CPU = Release|Any CPU
	EndGlobalSection
	GlobalSection(ProjectConfigurationPlatforms) = postSolution
		{69214ACB-3344-4A6A-B7C0-AA28A120829C}.Debug|Any CPU.ActiveCfg = Debug|Any CPU
		{69214ACB-3344-4A6A-B7C0-AA28A120829C}.Debug|Any CPU.Build.0 = Debug|Any CPU
		{69214ACB-3344-4A6A-B7C0-AA28A120829C}.Release|Any CPU.ActiveCfg = Release|Any CPU
		{69214ACB-3344-4A6A-B7C0-AA28A120829C}.Release|Any CPU.Build.0 = Release|Any CPU
	EndGlobalSection
	GlobalSection(SolutionProperties) = preSolution
		HideSolutionNode = FALSE
	EndGlobalSection
	GlobalSection(ExtensibilityGlobals) = postSolution
		SolutionGuid = {75A5925E-A897-4579-A5D6-A21AC4051F07}
	EndGlobalSection
EndGlobal
